// !$*UTF8*$!
{
	archiveVersion = 1;
	classes = {
	};
	objectVersion = 46;
	objects = {

/* Begin PBXBuildFile section */
		3F380F691E7DA65400210548 /* AppDelegate.swift in Sources */ = {isa = PBXBuildFile; fileRef = 3F380F681E7DA65400210548 /* AppDelegate.swift */; };
		3F380F6B1E7DA65400210548 /* ViewController.swift in Sources */ = {isa = PBXBuildFile; fileRef = 3F380F6A1E7DA65400210548 /* ViewController.swift */; };
		3F380F6E1E7DA65400210548 /* Main.storyboard in Resources */ = {isa = PBXBuildFile; fileRef = 3F380F6C1E7DA65400210548 /* Main.storyboard */; };
		3F380F711E7DA65400210548 /* Lost_Find.xcdatamodeld in Sources */ = {isa = PBXBuildFile; fileRef = 3F380F6F1E7DA65400210548 /* Lost_Find.xcdatamodeld */; };
		3F380F731E7DA65400210548 /* Assets.xcassets in Resources */ = {isa = PBXBuildFile; fileRef = 3F380F721E7DA65400210548 /* Assets.xcassets */; };
		3F380F761E7DA65400210548 /* LaunchScreen.storyboard in Resources */ = {isa = PBXBuildFile; fileRef = 3F380F741E7DA65400210548 /* LaunchScreen.storyboard */; };
		3F380F811E7DA65400210548 /* Lost_FindTests.swift in Sources */ = {isa = PBXBuildFile; fileRef = 3F380F801E7DA65400210548 /* Lost_FindTests.swift */; };
		3F380F8C1E7DA65400210548 /* Lost_FindUITests.swift in Sources */ = {isa = PBXBuildFile; fileRef = 3F380F8B1E7DA65400210548 /* Lost_FindUITests.swift */; };
/* End PBXBuildFile section */

/* Begin PBXContainerItemProxy section */
		3F380F7D1E7DA65400210548 /* PBXContainerItemProxy */ = {
			isa = PBXContainerItemProxy;
			containerPortal = 3F380F5D1E7DA65200210548 /* Project object */;
			proxyType = 1;
			remoteGlobalIDString = 3F380F641E7DA65200210548;
			remoteInfo = Lost_Find;
		};
		3F380F881E7DA65400210548 /* PBXContainerItemProxy */ = {
			isa = PBXContainerItemProxy;
			containerPortal = 3F380F5D1E7DA65200210548 /* Project object */;
			proxyType = 1;
			remoteGlobalIDString = 3F380F641E7DA65200210548;
			remoteInfo = Lost_Find;
		};
/* End PBXContainerItemProxy section */

/* Begin PBXFileReference section */
		3F380F651E7DA65300210548 /* Lost_Find.app */ = {isa = PBXFileReference; explicitFileType = wrapper.application; includeInIndex = 0; path = Lost_Find.app; sourceTree = BUILT_PRODUCTS_DIR; };
		3F380F681E7DA65400210548 /* AppDelegate.swift */ = {isa = PBXFileReference; lastKnownFileType = sourcecode.swift; path = AppDelegate.swift; sourceTree = "<group>"; };
		3F380F6A1E7DA65400210548 /* ViewController.swift */ = {isa = PBXFileReference; lastKnownFileType = sourcecode.swift; path = ViewController.swift; sourceTree = "<group>"; };
		3F380F6D1E7DA65400210548 /* Base */ = {isa = PBXFileReference; lastKnownFileType = file.storyboard; name = Base; path = Base.lproj/Main.storyboard; sourceTree = "<group>"; };
		3F380F701E7DA65400210548 /* Lost_Find.xcdatamodel */ = {isa = PBXFileReference; lastKnownFileType = wrapper.xcdatamodel; path = Lost_Find.xcdatamodel; sourceTree = "<group>"; };
		3F380F721E7DA65400210548 /* Assets.xcassets */ = {isa = PBXFileReference; lastKnownFileType = folder.assetcatalog; path = Assets.xcassets; sourceTree = "<group>"; };
		3F380F751E7DA65400210548 /* Base */ = {isa = PBXFileReference; lastKnownFileType = file.storyboard; name = Base; path = Base.lproj/LaunchScreen.storyboard; sourceTree = "<group>"; };
		3F380F771E7DA65400210548 /* Info.plist */ = {isa = PBXFileReference; lastKnownFileType = text.plist.xml; path = Info.plist; sourceTree = "<group>"; };
		3F380F7C1E7DA65400210548 /* Lost_FindTests.xctest */ = {isa = PBXFileReference; explicitFileType = wrapper.cfbundle; includeInIndex = 0; path = Lost_FindTests.xctest; sourceTree = BUILT_PRODUCTS_DIR; };
		3F380F801E7DA65400210548 /* Lost_FindTests.swift */ = {isa = PBXFileReference; lastKnownFileType = sourcecode.swift; path = Lost_FindTests.swift; sourceTree = "<group>"; };
		3F380F821E7DA65400210548 /* Info.plist */ = {isa = PBXFileReference; lastKnownFileType = text.plist.xml; path = Info.plist; sourceTree = "<group>"; };
		3F380F871E7DA65400210548 /* Lost_FindUITests.xctest */ = {isa = PBXFileReference; explicitFileType = wrapper.cfbundle; includeInIndex = 0; path = Lost_FindUITests.xctest; sourceTree = BUILT_PRODUCTS_DIR; };
		3F380F8B1E7DA65400210548 /* Lost_FindUITests.swift */ = {isa = PBXFileReference; lastKnownFileType = sourcecode.swift; path = Lost_FindUITests.swift; sourceTree = "<group>"; };
		3F380F8D1E7DA65400210548 /* Info.plist */ = {isa = PBXFileReference; lastKnownFileType = text.plist.xml; path = Info.plist; sourceTree = "<group>"; };
/* End PBXFileReference section */

/* Begin PBXFrameworksBuildPhase section */
		3F380F621E7DA65200210548 /* Frameworks */ = {
			isa = PBXFrameworksBuildPhase;
			buildActionMask = 2147483647;
			files = (
			);
			runOnlyForDeploymentPostprocessing = 0;
		};
		3F380F791E7DA65400210548 /* Frameworks */ = {
			isa = PBXFrameworksBuildPhase;
			buildActionMask = 2147483647;
			files = (
			);
			runOnlyForDeploymentPostprocessing = 0;
		};
		3F380F841E7DA65400210548 /* Frameworks */ = {
			isa = PBXFrameworksBuildPhase;
			buildActionMask = 2147483647;
			files = (
			);
			runOnlyForDeploymentPostprocessing = 0;
		};
/* End PBXFrameworksBuildPhase section */

/* Begin PBXGroup section */
		3F380F5C1E7DA65200210548 = {
			isa = PBXGroup;
			children = (
				3F380F671E7DA65300210548 /* Lost_Find */,
				3F380F7F1E7DA65400210548 /* Lost_FindTests */,
				3F380F8A1E7DA65400210548 /* Lost_FindUITests */,
				3F380F661E7DA65300210548 /* Products */,
			);
			sourceTree = "<group>";
		};
		3F380F661E7DA65300210548 /* Products */ = {
			isa = PBXGroup;
			children = (
				3F380F651E7DA65300210548 /* Lost_Find.app */,
				3F380F7C1E7DA65400210548 /* Lost_FindTests.xctest */,
				3F380F871E7DA65400210548 /* Lost_FindUITests.xctest */,
			);
			name = Products;
			sourceTree = "<group>";
		};
		3F380F671E7DA65300210548 /* Lost_Find */ = {
			isa = PBXGroup;
			children = (
				3F380F681E7DA65400210548 /* AppDelegate.swift */,
				3F380F6A1E7DA65400210548 /* ViewController.swift */,
				3F380F6C1E7DA65400210548 /* Main.storyboard */,
				3F380F721E7DA65400210548 /* Assets.xcassets */,
				3F380F741E7DA65400210548 /* LaunchScreen.storyboard */,
				3F380F771E7DA65400210548 /* Info.plist */,
				3F380F6F1E7DA65400210548 /* Lost_Find.xcdatamodeld */,
			);
			path = Lost_Find;
			sourceTree = "<group>";
		};
		3F380F7F1E7DA65400210548 /* Lost_FindTests */ = {
			isa = PBXGroup;
			children = (
				3F380F801E7DA65400210548 /* Lost_FindTests.swift */,
				3F380F821E7DA65400210548 /* Info.plist */,
			);
			path = Lost_FindTests;
			sourceTree = "<group>";
		};
		3F380F8A1E7DA65400210548 /* Lost_FindUITests */ = {
			isa = PBXGroup;
			children = (
				3F380F8B1E7DA65400210548 /* Lost_FindUITests.swift */,
				3F380F8D1E7DA65400210548 /* Info.plist */,
			);
			path = Lost_FindUITests;
			sourceTree = "<group>";
		};
/* End PBXGroup section */

/* Begin PBXNativeTarget section */
		3F380F641E7DA65200210548 /* Lost_Find */ = {
			isa = PBXNativeTarget;
			buildConfigurationList = 3F380F901E7DA65400210548 /* Build configuration list for PBXNativeTarget "Lost_Find" */;
			buildPhases = (
				3F380F611E7DA65200210548 /* Sources */,
				3F380F621E7DA65200210548 /* Frameworks */,
				3F380F631E7DA65200210548 /* Resources */,
			);
			buildRules = (
			);
			dependencies = (
			);
			name = Lost_Find;
			productName = Lost_Find;
			productReference = 3F380F651E7DA65300210548 /* Lost_Find.app */;
			productType = "com.apple.product-type.application";
		};
		3F380F7B1E7DA65400210548 /* Lost_FindTests */ = {
			isa = PBXNativeTarget;
			buildConfigurationList = 3F380F931E7DA65400210548 /* Build configuration list for PBXNativeTarget "Lost_FindTests" */;
			buildPhases = (
				3F380F781E7DA65400210548 /* Sources */,
				3F380F791E7DA65400210548 /* Frameworks */,
				3F380F7A1E7DA65400210548 /* Resources */,
			);
			buildRules = (
			);
			dependencies = (
				3F380F7E1E7DA65400210548 /* PBXTargetDependency */,
			);
			name = Lost_FindTests;
			productName = Lost_FindTests;
			productReference = 3F380F7C1E7DA65400210548 /* Lost_FindTests.xctest */;
			productType = "com.apple.product-type.bundle.unit-test";
		};
		3F380F861E7DA65400210548 /* Lost_FindUITests */ = {
			isa = PBXNativeTarget;
			buildConfigurationList = 3F380F961E7DA65400210548 /* Build configuration list for PBXNativeTarget "Lost_FindUITests" */;
			buildPhases = (
				3F380F831E7DA65400210548 /* Sources */,
				3F380F841E7DA65400210548 /* Frameworks */,
				3F380F851E7DA65400210548 /* Resources */,
			);
			buildRules = (
			);
			dependencies = (
				3F380F891E7DA65400210548 /* PBXTargetDependency */,
			);
			name = Lost_FindUITests;
			productName = Lost_FindUITests;
			productReference = 3F380F871E7DA65400210548 /* Lost_FindUITests.xctest */;
			productType = "com.apple.product-type.bundle.ui-testing";
		};
/* End PBXNativeTarget section */

/* Begin PBXProject section */
		3F380F5D1E7DA65200210548 /* Project object */ = {
			isa = PBXProject;
			attributes = {
				LastSwiftUpdateCheck = 0820;
				LastUpgradeCheck = 0820;
				ORGANIZATIONNAME = nwmsu;
				TargetAttributes = {
					3F380F641E7DA65200210548 = {
						CreatedOnToolsVersion = 8.2.1;
						DevelopmentTeam = X7V3SB57BK;
						ProvisioningStyle = Automatic;
					};
					3F380F7B1E7DA65400210548 = {
						CreatedOnToolsVersion = 8.2.1;
						DevelopmentTeam = X7V3SB57BK;
						ProvisioningStyle = Automatic;
						TestTargetID = 3F380F641E7DA65200210548;
					};
					3F380F861E7DA65400210548 = {
						CreatedOnToolsVersion = 8.2.1;
						DevelopmentTeam = X7V3SB57BK;
						ProvisioningStyle = Automatic;
						TestTargetID = 3F380F641E7DA65200210548;
					};
				};
			};
			buildConfigurationList = 3F380F601E7DA65200210548 /* Build configuration list for PBXProject "Lost_Find" */;
			compatibilityVersion = "Xcode 3.2";
			developmentRegion = English;
			hasScannedForEncodings = 0;
			knownRegions = (
				en,
				Base,
			);
			mainGroup = 3F380F5C1E7DA65200210548;
			productRefGroup = 3F380F661E7DA65300210548 /* Products */;
			projectDirPath = "";
			projectRoot = "";
			targets = (
				3F380F641E7DA65200210548 /* Lost_Find */,
				3F380F7B1E7DA65400210548 /* Lost_FindTests */,
				3F380F861E7DA65400210548 /* Lost_FindUITests */,
			);
		};
/* End PBXProject section */

/* Begin PBXResourcesBuildPhase section */
		3F380F631E7DA65200210548 /* Resources */ = {
			isa = PBXResourcesBuildPhase;
			buildActionMask = 2147483647;
			files = (
				3F380F761E7DA65400210548 /* LaunchScreen.storyboard in Resources */,
				3F380F731E7DA65400210548 /* Assets.xcassets in Resources */,
				3F380F6E1E7DA65400210548 /* Main.storyboard in Resources */,
			);
			runOnlyForDeploymentPostprocessing = 0;
		};
		3F380F7A1E7DA65400210548 /* Resources */ = {
			isa = PBXResourcesBuildPhase;
			buildActionMask = 2147483647;
			files = (
			);
			runOnlyForDeploymentPostprocessing = 0;
		};
		3F380F851E7DA65400210548 /* Resources */ = {
			isa = PBXResourcesBuildPhase;
			buildActionMask = 2147483647;
			files = (
			);
			runOnlyForDeploymentPostprocessing = 0;
		};
/* End PBXResourcesBuildPhase section */

/* Begin PBXSourcesBuildPhase section */
		3F380F611E7DA65200210548 /* Sources */ = {
			isa = PBXSourcesBuildPhase;
			buildActionMask = 2147483647;
			files = (
				3F380F711E7DA65400210548 /* Lost_Find.xcdatamodeld in Sources */,
				3F380F6B1E7DA65400210548 /* ViewController.swift in Sources */,
				3F380F691E7DA65400210548 /* AppDelegate.swift in Sources */,
			);
			runOnlyForDeploymentPostprocessing = 0;
		};
		3F380F781E7DA65400210548 /* Sources */ = {
			isa = PBXSourcesBuildPhase;
			buildActionMask = 2147483647;
			files = (
				3F380F811E7DA65400210548 /* Lost_FindTests.swift in Sources */,
			);
			runOnlyForDeploymentPostprocessing = 0;
		};
		3F380F831E7DA65400210548 /* Sources */ = {
			isa = PBXSourcesBuildPhase;
			buildActionMask = 2147483647;
			files = (
				3F380F8C1E7DA65400210548 /* Lost_FindUITests.swift in Sources */,
			);
			runOnlyForDeploymentPostprocessing = 0;
		};
/* End PBXSourcesBuildPhase section */

/* Begin PBXTargetDependency section */
		3F380F7E1E7DA65400210548 /* PBXTargetDependency */ = {
			isa = PBXTargetDependency;
			target = 3F380F641E7DA65200210548 /* Lost_Find */;
			targetProxy = 3F380F7D1E7DA65400210548 /* PBXContainerItemProxy */;
		};
		3F380F891E7DA65400210548 /* PBXTargetDependency */ = {
			isa = PBXTargetDependency;
			target = 3F380F641E7DA65200210548 /* Lost_Find */;
			targetProxy = 3F380F881E7DA65400210548 /* PBXContainerItemProxy */;
		};
/* End PBXTargetDependency section */

/* Begin PBXVariantGroup section */
		3F380F6C1E7DA65400210548 /* Main.storyboard */ = {
			isa = PBXVariantGroup;
			children = (
				3F380F6D1E7DA65400210548 /* Base */,
			);
			name = Main.storyboard;
			sourceTree = "<group>";
		};
		3F380F741E7DA65400210548 /* LaunchScreen.storyboard */ = {
			isa = PBXVariantGroup;
			children = (
				3F380F751E7DA65400210548 /* Base */,
			);
			name = LaunchScreen.storyboard;
			sourceTree = "<group>";
		};
/* End PBXVariantGroup section */

/* Begin XCBuildConfiguration section */
		3F380F8E1E7DA65400210548 /* Debug */ = {
			isa = XCBuildConfiguration;
			buildSettings = {
				ALWAYS_SEARCH_USER_PATHS = NO;
				CLANG_ANALYZER_NONNULL = YES;
				CLANG_CXX_LANGUAGE_STANDARD = "gnu++0x";
				CLANG_CXX_LIBRARY = "libc++";
				CLANG_ENABLE_MODULES = YES;
				CLANG_ENABLE_OBJC_ARC = YES;
				CLANG_WARN_BOOL_CONVERSION = YES;
				CLANG_WARN_CONSTANT_CONVERSION = YES;
				CLANG_WARN_DIRECT_OBJC_ISA_USAGE = YES_ERROR;
				CLANG_WARN_DOCUMENTATION_COMMENTS = YES;
				CLANG_WARN_EMPTY_BODY = YES;
				CLANG_WARN_ENUM_CONVERSION = YES;
				CLANG_WARN_INFINITE_RECURSION = YES;
				CLANG_WARN_INT_CONVERSION = YES;
				CLANG_WARN_OBJC_ROOT_CLASS = YES_ERROR;
				CLANG_WARN_SUSPICIOUS_MOVE = YES;
				CLANG_WARN_UNREACHABLE_CODE = YES;
				CLANG_WARN__DUPLICATE_METHOD_MATCH = YES;
				"CODE_SIGN_IDENTITY[sdk=iphoneos*]" = "iPhone Developer";
				COPY_PHASE_STRIP = NO;
				DEBUG_INFORMATION_FORMAT = dwarf;
				ENABLE_STRICT_OBJC_MSGSEND = YES;
				ENABLE_TESTABILITY = YES;
				GCC_C_LANGUAGE_STANDARD = gnu99;
				GCC_DYNAMIC_NO_PIC = NO;
				GCC_NO_COMMON_BLOCKS = YES;
				GCC_OPTIMIZATION_LEVEL = 0;
				GCC_PREPROCESSOR_DEFINITIONS = (
					"DEBUG=1",
					"$(inherited)",
				);
				GCC_WARN_64_TO_32_BIT_CONVERSION = YES;
				GCC_WARN_ABOUT_RETURN_TYPE = YES_ERROR;
				GCC_WARN_UNDECLARED_SELECTOR = YES;
				GCC_WARN_UNINITIALIZED_AUTOS = YES_AGGRESSIVE;
				GCC_WARN_UNUSED_FUNCTION = YES;
				GCC_WARN_UNUSED_VARIABLE = YES;
				IPHONEOS_DEPLOYMENT_TARGET = 10.2;
				MTL_ENABLE_DEBUG_INFO = YES;
				ONLY_ACTIVE_ARCH = YES;
				SDKROOT = iphoneos;
				SWIFT_ACTIVE_COMPILATION_CONDITIONS = DEBUG;
				SWIFT_OPTIMIZATION_LEVEL = "-Onone";
				TARGETED_DEVICE_FAMILY = "1,2";
			};
			name = Debug;
		};
		3F380F8F1E7DA65400210548 /* Release */ = {
			isa = XCBuildConfiguration;
			buildSettings = {
				ALWAYS_SEARCH_USER_PATHS = NO;
				CLANG_ANALYZER_NONNULL = YES;
				CLANG_CXX_LANGUAGE_STANDARD = "gnu++0x";
				CLANG_CXX_LIBRARY = "libc++";
				CLANG_ENABLE_MODULES = YES;
				CLANG_ENABLE_OBJC_ARC = YES;
				CLANG_WARN_BOOL_CONVERSION = YES;
				CLANG_WARN_CONSTANT_CONVERSION = YES;
				CLANG_WARN_DIRECT_OBJC_ISA_USAGE = YES_ERROR;
				CLANG_WARN_DOCUMENTATION_COMMENTS = YES;
				CLANG_WARN_EMPTY_BODY = YES;
				CLANG_WARN_ENUM_CONVERSION = YES;
				CLANG_WARN_INFINITE_RECURSION = YES;
				CLANG_WARN_INT_CONVERSION = YES;
				CLANG_WARN_OBJC_ROOT_CLASS = YES_ERROR;
				CLANG_WARN_SUSPICIOUS_MOVE = YES;
				CLANG_WARN_UNREACHABLE_CODE = YES;
				CLANG_WARN__DUPLICATE_METHOD_MATCH = YES;
				"CODE_SIGN_IDENTITY[sdk=iphoneos*]" = "iPhone Developer";
				COPY_PHASE_STRIP = NO;
				DEBUG_INFORMATION_FORMAT = "dwarf-with-dsym";
				ENABLE_NS_ASSERTIONS = NO;
				ENABLE_STRICT_OBJC_MSGSEND = YES;
				GCC_C_LANGUAGE_STANDARD = gnu99;
				GCC_NO_COMMON_BLOCKS = YES;
				GCC_WARN_64_TO_32_BIT_CONVERSION = YES;
				GCC_WARN_ABOUT_RETURN_TYPE = YES_ERROR;
				GCC_WARN_UNDECLARED_SELECTOR = YES;
				GCC_WARN_UNINITIALIZED_AUTOS = YES_AGGRESSIVE;
				GCC_WARN_UNUSED_FUNCTION = YES;
				GCC_WARN_UNUSED_VARIABLE = YES;
				IPHONEOS_DEPLOYMENT_TARGET = 10.2;
				MTL_ENABLE_DEBUG_INFO = NO;
				SDKROOT = iphoneos;
				SWIFT_OPTIMIZATION_LEVEL = "-Owholemodule";
				TARGETED_DEVICE_FAMILY = "1,2";
				VALIDATE_PRODUCT = YES;
			};
			name = Release;
		};
		3F380F911E7DA65400210548 /* Debug */ = {
			isa = XCBuildConfiguration;
			buildSettings = {
				ASSETCATALOG_COMPILER_APPICON_NAME = AppIcon;
				DEVELOPMENT_TEAM = X7V3SB57BK;
				INFOPLIST_FILE = Lost_Find/Info.plist;
				LD_RUNPATH_SEARCH_PATHS = "$(inherited) @executable_path/Frameworks";
				PRODUCT_BUNDLE_IDENTIFIER = "S528124-mail.nwmissouri.edu.Lost-Find";
				PRODUCT_NAME = "$(TARGET_NAME)";
				SWIFT_VERSION = 3.0;
			};
			name = Debug;
		};
		3F380F921E7DA65400210548 /* Release */ = {
			isa = XCBuildConfiguration;
			buildSettings = {
				ASSETCATALOG_COMPILER_APPICON_NAME = AppIcon;
				DEVELOPMENT_TEAM = X7V3SB57BK;
				INFOPLIST_FILE = Lost_Find/Info.plist;
				LD_RUNPATH_SEARCH_PATHS = "$(inherited) @executable_path/Frameworks";
				PRODUCT_BUNDLE_IDENTIFIER = "S528124-mail.nwmissouri.edu.Lost-Find";
				PRODUCT_NAME = "$(TARGET_NAME)";
				SWIFT_VERSION = 3.0;
			};
			name = Release;
		};
		3F380F941E7DA65400210548 /* Debug */ = {
			isa = XCBuildConfiguration;
			buildSettings = {
				ALWAYS_EMBED_SWIFT_STANDARD_LIBRARIES = YES;
				BUNDLE_LOADER = "$(TEST_HOST)";
				DEVELOPMENT_TEAM = X7V3SB57BK;
				INFOPLIST_FILE = Lost_FindTests/Info.plist;
				LD_RUNPATH_SEARCH_PATHS = "$(inherited) @executable_path/Frameworks @loader_path/Frameworks";
				PRODUCT_BUNDLE_IDENTIFIER = "S528124-mail.nwmissouri.edu.Lost-FindTests";
				PRODUCT_NAME = "$(TARGET_NAME)";
				SWIFT_VERSION = 3.0;
				TEST_HOST = "$(BUILT_PRODUCTS_DIR)/Lost_Find.app/Lost_Find";
			};
			name = Debug;
		};
		3F380F951E7DA65400210548 /* Release */ = {
			isa = XCBuildConfiguration;
			buildSettings = {
				ALWAYS_EMBED_SWIFT_STANDARD_LIBRARIES = YES;
				BUNDLE_LOADER = "$(TEST_HOST)";
				DEVELOPMENT_TEAM = X7V3SB57BK;
				INFOPLIST_FILE = Lost_FindTests/Info.plist;
				LD_RUNPATH_SEARCH_PATHS = "$(inherited) @executable_path/Frameworks @loader_path/Frameworks";
				PRODUCT_BUNDLE_IDENTIFIER = "S528124-mail.nwmissouri.edu.Lost-FindTests";
				PRODUCT_NAME = "$(TARGET_NAME)";
				SWIFT_VERSION = 3.0;
				TEST_HOST = "$(BUILT_PRODUCTS_DIR)/Lost_Find.app/Lost_Find";
			};
			name = Release;
		};
		3F380F971E7DA65400210548 /* Debug */ = {
			isa = XCBuildConfiguration;
			buildSettings = {
				ALWAYS_EMBED_SWIFT_STANDARD_LIBRARIES = YES;
				DEVELOPMENT_TEAM = X7V3SB57BK;
				INFOPLIST_FILE = Lost_FindUITests/Info.plist;
				LD_RUNPATH_SEARCH_PATHS = "$(inherited) @executable_path/Frameworks @loader_path/Frameworks";
				PRODUCT_BUNDLE_IDENTIFIER = "S528124-mail.nwmissouri.edu.Lost-FindUITests";
				PRODUCT_NAME = "$(TARGET_NAME)";
				SWIFT_VERSION = 3.0;
				TEST_TARGET_NAME = Lost_Find;
			};
			name = Debug;
		};
		3F380F981E7DA65400210548 /* Release */ = {
			isa = XCBuildConfiguration;
			buildSettings = {
				ALWAYS_EMBED_SWIFT_STANDARD_LIBRARIES = YES;
				DEVELOPMENT_TEAM = X7V3SB57BK;
				INFOPLIST_FILE = Lost_FindUITests/Info.plist;
				LD_RUNPATH_SEARCH_PATHS = "$(inherited) @executable_path/Frameworks @loader_path/Frameworks";
				PRODUCT_BUNDLE_IDENTIFIER = "S528124-mail.nwmissouri.edu.Lost-FindUITests";
				PRODUCT_NAME = "$(TARGET_NAME)";
				SWIFT_VERSION = 3.0;
				TEST_TARGET_NAME = Lost_Find;
			};
			name = Release;
		};
/* End XCBuildConfiguration section */

/* Begin XCConfigurationList section */
		3F380F601E7DA65200210548 /* Build configuration list for PBXProject "Lost_Find" */ = {
			isa = XCConfigurationList;
			buildConfigurations = (
				3F380F8E1E7DA65400210548 /* Debug */,
				3F380F8F1E7DA65400210548 /* Release */,
			);
			defaultConfigurationIsVisible = 0;
			defaultConfigurationName = Release;
		};
		3F380F901E7DA65400210548 /* Build configuration list for PBXNativeTarget "Lost_Find" */ = {
			isa = XCConfigurationList;
			buildConfigurations = (
				3F380F911E7DA65400210548 /* Debug */,
				3F380F921E7DA65400210548 /* Release */,
			);
			defaultConfigurationIsVisible = 0;
		};
		3F380F931E7DA65400210548 /* Build configuration list for PBXNativeTarget "Lost_FindTests" */ = {
			isa = XCConfigurationList;
			buildConfigurations = (
				3F380F941E7DA65400210548 /* Debug */,
				3F380F951E7DA65400210548 /* Release */,
			);
			defaultConfigurationIsVisible = 0;
		};
		3F380F961E7DA65400210548 /* Build configuration list for PBXNativeTarget "Lost_FindUITests" */ = {
			isa = XCConfigurationList;
			buildConfigurations = (
				3F380F971E7DA65400210548 /* Debug */,
				3F380F981E7DA65400210548 /* Release */,
			);
			defaultConfigurationIsVisible = 0;
		};
/* End XCConfigurationList section */

/* Begin XCVersionGroup section */
		3F380F6F1E7DA65400210548 /* Lost_Find.xcdatamodeld */ = {
			isa = XCVersionGroup;
			children = (
				3F380F701E7DA65400210548 /* Lost_Find.xcdatamodel */,
			);
			currentVersion = 3F380F701E7DA65400210548 /* Lost_Find.xcdatamodel */;
			path = Lost_Find.xcdatamodeld;
			sourceTree = "<group>";
			versionGroupType = wrapper.xcdatamodel;
		};
/* End XCVersionGroup section */
	};
	rootObject = 3F380F5D1E7DA65200210548 /* Project object */;
}
